{
  "name": "myArchitecte (5)",
  "lockfileVersion": 2,
  "requires": true,
  "packages": {
    "": {
      "dependencies": {
        "nouislider": "^15.5.1",
        "sweetalert2": "^11.4.4"
      }
    },
    "node_modules/nouislider": {
      "version": "15.5.1",
      "resolved": "https://registry.npmjs.org/nouislider/-/nouislider-15.5.1.tgz",
      "integrity": "sha512-V8LNPhLPXLNjkgXLfyzDRGDeKvzZeaiIx5YagMiHnOMqgcRzT75jqvEZYXbSrEffXouwcEShSd8Vllm2Nkwqew=="
    },
    "node_modules/sweetalert2": {
      "version": "11.4.4",
      "resolved": "https://registry.npmjs.org/sweetalert2/-/sweetalert2-11.4.4.tgz",
      "integrity": "sha512-9yYWQuRT1v9JNI/paPTSYV+68MHwe9C+HQ/I2jtfaFzoJgYRftWXOs4JqmDSjT7m2m4r8ebMMn8LcxD1Wq9B/w==",
      "funding": {
        "url": "https://sweetalert2.github.io/#donations"
      }
    }
  },
  "dependencies": {
    "nouislider": {
      "version": "15.5.1",
      "resolved": "https://registry.npmjs.org/nouislider/-/nouislider-15.5.1.tgz",
      "integrity": "sha512-V8LNPhLPXLNjkgXLfyzDRGDeKvzZeaiIx5YagMiHnOMqgcRzT75jqvEZYXbSrEffXouwcEShSd8Vllm2Nkwqew=="
    },
    "sweetalert2": {
      "version": "11.4.4",
      "resolved": "https://registry.npmjs.org/sweetalert2/-/sweetalert2-11.4.4.tgz",
      "integrity": "sha512-9yYWQuRT1v9JNI/paPTSYV+68MHwe9C+HQ/I2jtfaFzoJgYRftWXOs4JqmDSjT7m2m4r8ebMMn8LcxD1Wq9B/w=="
    }
  }
}
